
Microsoft Visual Studio Solution File, Format Version 12.00
# Visual Studio Version 17
VisualStudioVersion = 17.4.32916.344
MinimumVisualStudioVersion = 10.0.40219.1
Project("{9A19103F-16F7-4668-BE54-9A1E7A4F7556}") = "SharedProject", "SharedProject\SharedProject.csproj", "{EBF35332-93CD-46DA-B6AF-B45ABA73272F}"
EndProject
Project("{9A19103F-16F7-4668-BE54-9A1E7A4F7556}") = "AvaloniaAplication", "AvaloniaAplication\AvaloniaAplication.csproj", "{44F7F391-B31E-48D0-B463-ABDEF01EB5C7}"
EndProject
Project("{9A19103F-16F7-4668-BE54-9A1E7A4F7556}") = "UnitTests", "UnitTests\UnitTests.csproj", "{ACF2CB40-9B76-46DA-91FF-83DD4565D31C}"
EndProject
Project("{FAE04EC0-301F-11D3-BF4B-00C04F79EFBC}") = "ConsoleAppDatabaseTest", "ConsoleAppDatabaseTest\ConsoleAppDatabaseTest.csproj", "{76D8AFDF-8BB9-4AE3-B954-DE330DEC2712}"
EndProject
Global
	GlobalSection(SolutionConfigurationPlatforms) = preSolution
		Debug|Any CPU = Debug|Any CPU
		Release|Any CPU = Release|Any CPU
	EndGlobalSection
	GlobalSection(ProjectConfigurationPlatforms) = postSolution
		{EBF35332-93CD-46DA-B6AF-B45ABA73272F}.Debug|Any CPU.ActiveCfg = Debug|Any CPU
		{EBF35332-93CD-46DA-B6AF-B45ABA73272F}.Debug|Any CPU.Build.0 = Debug|Any CPU
		{EBF35332-93CD-46DA-B6AF-B45ABA73272F}.Release|Any CPU.ActiveCfg = Release|Any CPU
		{EBF35332-93CD-46DA-B6AF-B45ABA73272F}.Release|Any CPU.Build.0 = Release|Any CPU
		{44F7F391-B31E-48D0-B463-ABDEF01EB5C7}.Debug|Any CPU.ActiveCfg = Debug|Any CPU
		{44F7F391-B31E-48D0-B463-ABDEF01EB5C7}.Debug|Any CPU.Build.0 = Debug|Any CPU
		{44F7F391-B31E-48D0-B463-ABDEF01EB5C7}.Release|Any CPU.ActiveCfg = Release|Any CPU
		{44F7F391-B31E-48D0-B463-ABDEF01EB5C7}.Release|Any CPU.Build.0 = Release|Any CPU
		{ACF2CB40-9B76-46DA-91FF-83DD4565D31C}.Debug|Any CPU.ActiveCfg = Debug|Any CPU
		{ACF2CB40-9B76-46DA-91FF-83DD4565D31C}.Debug|Any CPU.Build.0 = Debug|Any CPU
		{ACF2CB40-9B76-46DA-91FF-83DD4565D31C}.Release|Any CPU.ActiveCfg = Release|Any CPU
		{ACF2CB40-9B76-46DA-91FF-83DD4565D31C}.Release|Any CPU.Build.0 = Release|Any CPU
		{76D8AFDF-8BB9-4AE3-B954-DE330DEC2712}.Debug|Any CPU.ActiveCfg = Debug|Any CPU
		{76D8AFDF-8BB9-4AE3-B954-DE330DEC2712}.Debug|Any CPU.Build.0 = Debug|Any CPU
		{76D8AFDF-8BB9-4AE3-B954-DE330DEC2712}.Release|Any CPU.ActiveCfg = Release|Any CPU
		{76D8AFDF-8BB9-4AE3-B954-DE330DEC2712}.Release|Any CPU.Build.0 = Release|Any CPU
	EndGlobalSection
	GlobalSection(SolutionProperties) = preSolution
		HideSolutionNode = FALSE
	EndGlobalSection
	GlobalSection(ExtensibilityGlobals) = postSolution
		SolutionGuid = {534B9AD1-C8BB-4AE2-8308-AAAEDF480523}
	EndGlobalSection
EndGlobal
